github.com/filipe1309/my-go-library v1.0.0 h1:FbIJlmSWFGDjZTQviRWY2Lm7Bj5yuKqdqTis1vHeeiE=
github.com/filipe1309/my-go-library v1.0.0/go.mod h1:FXd3CSCelQnmomXiBsEifsoeg/po0H4a2AH9kTdU7cI=
github.com/filipe1309/my-go-library v1.1.0 h1:rucAYs66GuxT6uqGUHDmBWLOn9TBz9uk9Ss0OMyymq8=
github.com/filipe1309/my-go-library v1.1.0/go.mod h1:FXd3CSCelQnmomXiBsEifsoeg/po0H4a2AH9kTdU7cI=
